// !$*UTF8*$!
{
	archiveVersion = 1;
	classes = {
	};
	objectVersion = 56;
	objects = {

/* Begin PBXBuildFile section */
		ECB848C52935DCA800B68F4E /* AppDelegate.swift in Sources */ = {isa = PBXBuildFile; fileRef = ECB848C42935DCA800B68F4E /* AppDelegate.swift */; };
		ECB848C72935DCA800B68F4E /* ViewController.swift in Sources */ = {isa = PBXBuildFile; fileRef = ECB848C62935DCA800B68F4E /* ViewController.swift */; };
		ECB848C92935DCAA00B68F4E /* Assets.xcassets in Resources */ = {isa = PBXBuildFile; fileRef = ECB848C82935DCAA00B68F4E /* Assets.xcassets */; };
		ECB848CC2935DCAA00B68F4E /* Main.storyboard in Resources */ = {isa = PBXBuildFile; fileRef = ECB848CA2935DCAA00B68F4E /* Main.storyboard */; };
		ECB848D42935DF6900B68F4E /* MyHostingController.swift in Sources */ = {isa = PBXBuildFile; fileRef = ECB848D32935DF6900B68F4E /* MyHostingController.swift */; };
		ECB848D62935F8FF00B68F4E /* MyModel.swift in Sources */ = {isa = PBXBuildFile; fileRef = ECB848D52935F8FF00B68F4E /* MyModel.swift */; };
		ECB848D829372D5900B68F4E /* MyContentView.swift in Sources */ = {isa = PBXBuildFile; fileRef = ECB848D729372D5900B68F4E /* MyContentView.swift */; };
/* End PBXBuildFile section */

/* Begin PBXFileReference section */
		ECB848C12935DCA800B68F4E /* AppKit_SwiftUI_Combo.app */ = {isa = PBXFileReference; explicitFileType = wrapper.application; includeInIndex = 0; path = AppKit_SwiftUI_Combo.app; sourceTree = BUILT_PRODUCTS_DIR; };
		ECB848C42935DCA800B68F4E /* AppDelegate.swift */ = {isa = PBXFileReference; lastKnownFileType = sourcecode.swift; path = AppDelegate.swift; sourceTree = "<group>"; };
		ECB848C62935DCA800B68F4E /* ViewController.swift */ = {isa = PBXFileReference; lastKnownFileType = sourcecode.swift; path = ViewController.swift; sourceTree = "<group>"; };
		ECB848C82935DCAA00B68F4E /* Assets.xcassets */ = {isa = PBXFileReference; lastKnownFileType = folder.assetcatalog; path = Assets.xcassets; sourceTree = "<group>"; };
		ECB848CB2935DCAA00B68F4E /* Base */ = {isa = PBXFileReference; lastKnownFileType = file.storyboard; name = Base; path = Base.lproj/Main.storyboard; sourceTree = "<group>"; };
		ECB848CD2935DCAA00B68F4E /* AppKit_SwiftUI_Combo.entitlements */ = {isa = PBXFileReference; lastKnownFileType = text.plist.entitlements; path = AppKit_SwiftUI_Combo.entitlements; sourceTree = "<group>"; };
		ECB848D32935DF6900B68F4E /* MyHostingController.swift */ = {isa = PBXFileReference; lastKnownFileType = sourcecode.swift; path = MyHostingController.swift; sourceTree = "<group>"; };
		ECB848D52935F8FF00B68F4E /* MyModel.swift */ = {isa = PBXFileReference; lastKnownFileType = sourcecode.swift; path = MyModel.swift; sourceTree = "<group>"; };
		ECB848D729372D5900B68F4E /* MyContentView.swift */ = {isa = PBXFileReference; lastKnownFileType = sourcecode.swift; path = MyContentView.swift; sourceTree = "<group>"; };
/* End PBXFileReference section */

/* Begin PBXFrameworksBuildPhase section */
		ECB848BE2935DCA800B68F4E /* Frameworks */ = {
			isa = PBXFrameworksBuildPhase;
			buildActionMask = 2147483647;
			files = (
			);
			runOnlyForDeploymentPostprocessing = 0;
		};
/* End PBXFrameworksBuildPhase section */

/* Begin PBXGroup section */
		ECB848B82935DCA800B68F4E = {
			isa = PBXGroup;
			children = (
				ECB848C32935DCA800B68F4E /* AppKit_SwiftUI_Combo */,
				ECB848C22935DCA800B68F4E /* Products */,
			);
			sourceTree = "<group>";
		};
		ECB848C22935DCA800B68F4E /* Products */ = {
			isa = PBXGroup;
			children = (
				ECB848C12935DCA800B68F4E /* AppKit_SwiftUI_Combo.app */,
			);
			name = Products;
			sourceTree = "<group>";
		};
		ECB848C32935DCA800B68F4E /* AppKit_SwiftUI_Combo */ = {
			isa = PBXGroup;
			children = (
				ECB848C42935DCA800B68F4E /* AppDelegate.swift */,
				ECB848C62935DCA800B68F4E /* ViewController.swift */,
				ECB848C82935DCAA00B68F4E /* Assets.xcassets */,
				ECB848CA2935DCAA00B68F4E /* Main.storyboard */,
				ECB848CD2935DCAA00B68F4E /* AppKit_SwiftUI_Combo.entitlements */,
				ECB848D32935DF6900B68F4E /* MyHostingController.swift */,
				ECB848D52935F8FF00B68F4E /* MyModel.swift */,
				ECB848D729372D5900B68F4E /* MyContentView.swift */,
			);
			path = AppKit_SwiftUI_Combo;
			sourceTree = "<group>";
		};
/* End PBXGroup section */

/* Begin PBXNativeTarget section */
		ECB848C02935DCA800B68F4E /* AppKit_SwiftUI_Combo */ = {
			isa = PBXNativeTarget;
			buildConfigurationList = ECB848D02935DCAA00B68F4E /* Build configuration list for PBXNativeTarget "AppKit_SwiftUI_Combo" */;
			buildPhases = (
				ECB848BD2935DCA800B68F4E /* Sources */,
				ECB848BE2935DCA800B68F4E /* Frameworks */,
				ECB848BF2935DCA800B68F4E /* Resources */,
			);
			buildRules = (
			);
			dependencies = (
			);
			name = AppKit_SwiftUI_Combo;
			productName = AppKit_SwiftUI_Combo;
			productReference = ECB848C12935DCA800B68F4E /* AppKit_SwiftUI_Combo.app */;
			productType = "com.apple.product-type.application";
		};
/* End PBXNativeTarget section */

/* Begin PBXProject section */
		ECB848B92935DCA800B68F4E /* Project object */ = {
			isa = PBXProject;
			attributes = {
				BuildIndependentTargetsInParallel = 1;
				LastSwiftUpdateCheck = 1410;
				LastUpgradeCheck = 1410;
				TargetAttributes = {
					ECB848C02935DCA800B68F4E = {
						CreatedOnToolsVersion = 14.1;
					};
				};
			};
			buildConfigurationList = ECB848BC2935DCA800B68F4E /* Build configuration list for PBXProject "AppKit_SwiftUI_Combo" */;
			compatibilityVersion = "Xcode 14.0";
			developmentRegion = en;
			hasScannedForEncodings = 0;
			knownRegions = (
				en,
				Base,
			);
			mainGroup = ECB848B82935DCA800B68F4E;
			productRefGroup = ECB848C22935DCA800B68F4E /* Products */;
			projectDirPath = "";
			projectRoot = "";
			targets = (
				ECB848C02935DCA800B68F4E /* AppKit_SwiftUI_Combo */,
			);
		};
/* End PBXProject section */

/* Begin PBXResourcesBuildPhase section */
		ECB848BF2935DCA800B68F4E /* Resources */ = {
			isa = PBXResourcesBuildPhase;
			buildActionMask = 2147483647;
			files = (
				ECB848C92935DCAA00B68F4E /* Assets.xcassets in Resources */,
				ECB848CC2935DCAA00B68F4E /* Main.storyboard in Resources */,
			);
			runOnlyForDeploymentPostprocessing = 0;
		};
/* End PBXResourcesBuildPhase section */

/* Begin PBXSourcesBuildPhase section */
		ECB848BD2935DCA800B68F4E /* Sources */ = {
			isa = PBXSourcesBuildPhase;
			buildActionMask = 2147483647;
			files = (
				ECB848D42935DF6900B68F4E /* MyHostingController.swift in Sources */,
				ECB848C72935DCA800B68F4E /* ViewController.swift in Sources */,
				ECB848C52935DCA800B68F4E /* AppDelegate.swift in Sources */,
				ECB848D62935F8FF00B68F4E /* MyModel.swift in Sources */,
				ECB848D829372D5900B68F4E /* MyContentView.swift in Sources */,
			);
			runOnlyForDeploymentPostprocessing = 0;
		};
/* End PBXSourcesBuildPhase section */

/* Begin PBXVariantGroup section */
		ECB848CA2935DCAA00B68F4E /* Main.storyboard */ = {
			isa = PBXVariantGroup;
			children = (
				ECB848CB2935DCAA00B68F4E /* Base */,
			);
			name = Main.storyboard;
			sourceTree = "<group>";
		};
/* End PBXVariantGroup section */

/* Begin XCBuildConfiguration section */
		ECB848CE2935DCAA00B68F4E /* Debug */ = {
			isa = XCBuildConfiguration;
			buildSettings = {
				ALWAYS_SEARCH_USER_PATHS = NO;
				CLANG_ANALYZER_NONNULL = YES;
				CLANG_ANALYZER_NUMBER_OBJECT_CONVERSION = YES_AGGRESSIVE;
				CLANG_CXX_LANGUAGE_STANDARD = "gnu++20";
				CLANG_ENABLE_MODULES = YES;
				CLANG_ENABLE_OBJC_ARC = YES;
				CLANG_ENABLE_OBJC_WEAK = YES;
				CLANG_WARN_BLOCK_CAPTURE_AUTORELEASING = YES;
				CLANG_WARN_BOOL_CONVERSION = YES;
				CLANG_WARN_COMMA = YES;
				CLANG_WARN_CONSTANT_CONVERSION = YES;
				CLANG_WARN_DEPRECATED_OBJC_IMPLEMENTATIONS = YES;
				CLANG_WARN_DIRECT_OBJC_ISA_USAGE = YES_ERROR;
				CLANG_WARN_DOCUMENTATION_COMMENTS = YES;
				CLANG_WARN_EMPTY_BODY = YES;
				CLANG_WARN_ENUM_CONVERSION = YES;
				CLANG_WARN_INFINITE_RECURSION = YES;
				CLANG_WARN_INT_CONVERSION = YES;
				CLANG_WARN_NON_LITERAL_NULL_CONVERSION = YES;
				CLANG_WARN_OBJC_IMPLICIT_RETAIN_SELF = YES;
				CLANG_WARN_OBJC_LITERAL_CONVERSION = YES;
				CLANG_WARN_OBJC_ROOT_CLASS = YES_ERROR;
				CLANG_WARN_QUOTED_INCLUDE_IN_FRAMEWORK_HEADER = YES;
				CLANG_WARN_RANGE_LOOP_ANALYSIS = YES;
				CLANG_WARN_STRICT_PROTOTYPES = YES;
				CLANG_WARN_SUSPICIOUS_MOVE = YES;
				CLANG_WARN_UNGUARDED_AVAILABILITY = YES_AGGRESSIVE;
				CLANG_WARN_UNREACHABLE_CODE = YES;
				CLANG_WARN__DUPLICATE_METHOD_MATCH = YES;
				COPY_PHASE_STRIP = NO;
				DEBUG_INFORMATION_FORMAT = dwarf;
				ENABLE_STRICT_OBJC_MSGSEND = YES;
				ENABLE_TESTABILITY = YES;
				GCC_C_LANGUAGE_STANDARD = gnu11;
				GCC_DYNAMIC_NO_PIC = NO;
				GCC_NO_COMMON_BLOCKS = YES;
				GCC_OPTIMIZATION_LEVEL = 0;
				GCC_PREPROCESSOR_DEFINITIONS = (
					"DEBUG=1",
					"$(inherited)",
				);
				GCC_WARN_64_TO_32_BIT_CONVERSION = YES;
				GCC_WARN_ABOUT_RETURN_TYPE = YES_ERROR;
				GCC_WARN_UNDECLARED_SELECTOR = YES;
				GCC_WARN_UNINITIALIZED_AUTOS = YES_AGGRESSIVE;
				GCC_WARN_UNUSED_FUNCTION = YES;
				GCC_WARN_UNUSED_VARIABLE = YES;
				MACOSX_DEPLOYMENT_TARGET = 13.0;
				MTL_ENABLE_DEBUG_INFO = INCLUDE_SOURCE;
				MTL_FAST_MATH = YES;
				ONLY_ACTIVE_ARCH = YES;
				SDKROOT = macosx;
				SWIFT_ACTIVE_COMPILATION_CONDITIONS = DEBUG;
				SWIFT_OPTIMIZATION_LEVEL = "-Onone";
			};
			name = Debug;
		};
		ECB848CF2935DCAA00B68F4E /* Release */ = {
			isa = XCBuildConfiguration;
			buildSettings = {
				ALWAYS_SEARCH_USER_PATHS = NO;
				CLANG_ANALYZER_NONNULL = YES;
				CLANG_ANALYZER_NUMBER_OBJECT_CONVERSION = YES_AGGRESSIVE;
				CLANG_CXX_LANGUAGE_STANDARD = "gnu++20";
				CLANG_ENABLE_MODULES = YES;
				CLANG_ENABLE_OBJC_ARC = YES;
				CLANG_ENABLE_OBJC_WEAK = YES;
				CLANG_WARN_BLOCK_CAPTURE_AUTORELEASING = YES;
				CLANG_WARN_BOOL_CONVERSION = YES;
				CLANG_WARN_COMMA = YES;
				CLANG_WARN_CONSTANT_CONVERSION = YES;
				CLANG_WARN_DEPRECATED_OBJC_IMPLEMENTATIONS = YES;
				CLANG_WARN_DIRECT_OBJC_ISA_USAGE = YES_ERROR;
				CLANG_WARN_DOCUMENTATION_COMMENTS = YES;
				CLANG_WARN_EMPTY_BODY = YES;
				CLANG_WARN_ENUM_CONVERSION = YES;
				CLANG_WARN_INFINITE_RECURSION = YES;
				CLANG_WARN_INT_CONVERSION = YES;
				CLANG_WARN_NON_LITERAL_NULL_CONVERSION = YES;
				CLANG_WARN_OBJC_IMPLICIT_RETAIN_SELF = YES;
				CLANG_WARN_OBJC_LITERAL_CONVERSION = YES;
				CLANG_WARN_OBJC_ROOT_CLASS = YES_ERROR;
				CLANG_WARN_QUOTED_INCLUDE_IN_FRAMEWORK_HEADER = YES;
				CLANG_WARN_RANGE_LOOP_ANALYSIS = YES;
				CLANG_WARN_STRICT_PROTOTYPES = YES;
				CLANG_WARN_SUSPICIOUS_MOVE = YES;
				CLANG_WARN_UNGUARDED_AVAILABILITY = YES_AGGRESSIVE;
				CLANG_WARN_UNREACHABLE_CODE = YES;
				CLANG_WARN__DUPLICATE_METHOD_MATCH = YES;
				COPY_PHASE_STRIP = NO;
				DEBUG_INFORMATION_FORMAT = "dwarf-with-dsym";
				ENABLE_NS_ASSERTIONS = NO;
				ENABLE_STRICT_OBJC_MSGSEND = YES;
				GCC_C_LANGUAGE_STANDARD = gnu11;
				GCC_NO_COMMON_BLOCKS = YES;
				GCC_WARN_64_TO_32_BIT_CONVERSION = YES;
				GCC_WARN_ABOUT_RETURN_TYPE = YES_ERROR;
				GCC_WARN_UNDECLARED_SELECTOR = YES;
				GCC_WARN_UNINITIALIZED_AUTOS = YES_AGGRESSIVE;
				GCC_WARN_UNUSED_FUNCTION = YES;
				GCC_WARN_UNUSED_VARIABLE = YES;
				MACOSX_DEPLOYMENT_TARGET = 13.0;
				MTL_ENABLE_DEBUG_INFO = NO;
				MTL_FAST_MATH = YES;
				SDKROOT = macosx;
				SWIFT_COMPILATION_MODE = wholemodule;
				SWIFT_OPTIMIZATION_LEVEL = "-O";
			};
			name = Release;
		};
		ECB848D12935DCAA00B68F4E /* Debug */ = {
			isa = XCBuildConfiguration;
			buildSettings = {
				ASSETCATALOG_COMPILER_APPICON_NAME = AppIcon;
				ASSETCATALOG_COMPILER_GLOBAL_ACCENT_COLOR_NAME = AccentColor;
				CODE_SIGN_ENTITLEMENTS = AppKit_SwiftUI_Combo/AppKit_SwiftUI_Combo.entitlements;
				CODE_SIGN_STYLE = Automatic;
				COMBINE_HIDPI_IMAGES = YES;
				CURRENT_PROJECT_VERSION = 1;
				DEVELOPMENT_TEAM = N3PMDDD4XR;
				ENABLE_HARDENED_RUNTIME = YES;
				GENERATE_INFOPLIST_FILE = YES;
				INFOPLIST_KEY_NSHumanReadableCopyright = "";
				INFOPLIST_KEY_NSMainStoryboardFile = Main;
				INFOPLIST_KEY_NSPrincipalClass = NSApplication;
				LD_RUNPATH_SEARCH_PATHS = (
					"$(inherited)",
					"@executable_path/../Frameworks",
				);
				MARKETING_VERSION = 1.0;
				PRODUCT_BUNDLE_IDENTIFIER = "org.pixelverse.AppKit-SwiftUI-Combo";
				PRODUCT_NAME = "$(TARGET_NAME)";
				SWIFT_EMIT_LOC_STRINGS = YES;
				SWIFT_VERSION = 5.0;
			};
			name = Debug;
		};
		ECB848D22935DCAA00B68F4E /* Release */ = {
			isa = XCBuildConfiguration;
			buildSettings = {
				ASSETCATALOG_COMPILER_APPICON_NAME = AppIcon;
				ASSETCATALOG_COMPILER_GLOBAL_ACCENT_COLOR_NAME = AccentColor;
				CODE_SIGN_ENTITLEMENTS = AppKit_SwiftUI_Combo/AppKit_SwiftUI_Combo.entitlements;
				CODE_SIGN_STYLE = Automatic;
				COMBINE_HIDPI_IMAGES = YES;
				CURRENT_PROJECT_VERSION = 1;
				DEVELOPMENT_TEAM = N3PMDDD4XR;
				ENABLE_HARDENED_RUNTIME = YES;
				GENERATE_INFOPLIST_FILE = YES;
				INFOPLIST_KEY_NSHumanReadableCopyright = "";
				INFOPLIST_KEY_NSMainStoryboardFile = Main;
				INFOPLIST_KEY_NSPrincipalClass = NSApplication;
				LD_RUNPATH_SEARCH_PATHS = (
					"$(inherited)",
					"@executable_path/../Frameworks",
				);
				MARKETING_VERSION = 1.0;
				PRODUCT_BUNDLE_IDENTIFIER = "org.pixelverse.AppKit-SwiftUI-Combo";
				PRODUCT_NAME = "$(TARGET_NAME)";
				SWIFT_EMIT_LOC_STRINGS = YES;
				SWIFT_VERSION = 5.0;
			};
			name = Release;
		};
/* End XCBuildConfiguration section */

/* Begin XCConfigurationList section */
		ECB848BC2935DCA800B68F4E /* Build configuration list for PBXProject "AppKit_SwiftUI_Combo" */ = {
			isa = XCConfigurationList;
			buildConfigurations = (
				ECB848CE2935DCAA00B68F4E /* Debug */,
				ECB848CF2935DCAA00B68F4E /* Release */,
			);
			defaultConfigurationIsVisible = 0;
			defaultConfigurationName = Release;
		};
		ECB848D02935DCAA00B68F4E /* Build configuration list for PBXNativeTarget "AppKit_SwiftUI_Combo" */ = {
			isa = XCConfigurationList;
			buildConfigurations = (
				ECB848D12935DCAA00B68F4E /* Debug */,
				ECB848D22935DCAA00B68F4E /* Release */,
			);
			defaultConfigurationIsVisible = 0;
			defaultConfigurationName = Release;
		};
/* End XCConfigurationList section */
	};
	rootObject = ECB848B92935DCA800B68F4E /* Project object */;
}
